
Microsoft Visual Studio Solution File, Format Version 12.00
# Visual Studio Version 17
VisualStudioVersion = 17.1.32210.238
MinimumVisualStudioVersion = 10.0.40219.1
Project("{FAE04EC0-301F-11D3-BF4B-00C04F79EFBC}") = "reverse", "reverse\reverse.csproj", "{8E83BF8A-ABE7-457B-B292-EACBACBF8A18}"
EndProject
Project("{FAE04EC0-301F-11D3-BF4B-00C04F79EFBC}") = "prime", "prime\prime.csproj", "{8AABBA61-0B85-4BFE-BA59-9EA1CEECE3EF}"
EndProject
Global
	GlobalSection(SolutionConfigurationPlatforms) = preSolution
		Debug|Any CPU = Debug|Any CPU
		Release|Any CPU = Release|Any CPU
	EndGlobalSection
	GlobalSection(ProjectConfigurationPlatforms) = postSolution
		{8E83BF8A-ABE7-457B-B292-EACBACBF8A18}.Debug|Any CPU.ActiveCfg = Debug|Any CPU
		{8E83BF8A-ABE7-457B-B292-EACBACBF8A18}.Debug|Any CPU.Build.0 = Debug|Any CPU
		{8E83BF8A-ABE7-457B-B292-EACBACBF8A18}.Release|Any CPU.ActiveCfg = Release|Any CPU
		{8E83BF8A-ABE7-457B-B292-EACBACBF8A18}.Release|Any CPU.Build.0 = Release|Any CPU
		{8AABBA61-0B85-4BFE-BA59-9EA1CEECE3EF}.Debug|Any CPU.ActiveCfg = Debug|Any CPU
		{8AABBA61-0B85-4BFE-BA59-9EA1CEECE3EF}.Debug|Any CPU.Build.0 = Debug|Any CPU
		{8AABBA61-0B85-4BFE-BA59-9EA1CEECE3EF}.Release|Any CPU.ActiveCfg = Release|Any CPU
		{8AABBA61-0B85-4BFE-BA59-9EA1CEECE3EF}.Release|Any CPU.Build.0 = Release|Any CPU
	EndGlobalSection
	GlobalSection(SolutionProperties) = preSolution
		HideSolutionNode = FALSE
	EndGlobalSection
	GlobalSection(ExtensibilityGlobals) = postSolution
		SolutionGuid = {A616EFED-57C3-4503-95E1-01A57B8D56D3}
	EndGlobalSection
EndGlobal
